
Microsoft Visual Studio Solution File, Format Version 12.00
# Visual Studio 2015
Project("{FAE04EC0-301F-11D3-BF4B-00C04F79EFBC}") = "Location-Based-Markerless-Augmented-Reality-master", "Location-Based-Markerless-Augmented-Reality-master.csproj", "{8560190F-549B-99DB-CA64-123097C2924E}"
EndProject
Project("{FAE04EC0-301F-11D3-BF4B-00C04F79EFBC}") = "Location-Based-Markerless-Augmented-Reality-master.Editor", "Location-Based-Markerless-Augmented-Reality-master.Editor.csproj", "{57B7DA2D-A997-EC40-0B33-E9034EF34E85}"
EndProject
Global
	GlobalSection(SolutionConfigurationPlatforms) = preSolution
		Debug|Any CPU = Debug|Any CPU
		Release|Any CPU = Release|Any CPU
	EndGlobalSection
	GlobalSection(ProjectConfigurationPlatforms) = postSolution
		{8560190F-549B-99DB-CA64-123097C2924E}.Debug|Any CPU.ActiveCfg = Debug|Any CPU
		{8560190F-549B-99DB-CA64-123097C2924E}.Debug|Any CPU.Build.0 = Debug|Any CPU
		{8560190F-549B-99DB-CA64-123097C2924E}.Release|Any CPU.ActiveCfg = Release|Any CPU
		{8560190F-549B-99DB-CA64-123097C2924E}.Release|Any CPU.Build.0 = Release|Any CPU
		{57B7DA2D-A997-EC40-0B33-E9034EF34E85}.Debug|Any CPU.ActiveCfg = Debug|Any CPU
		{57B7DA2D-A997-EC40-0B33-E9034EF34E85}.Debug|Any CPU.Build.0 = Debug|Any CPU
		{57B7DA2D-A997-EC40-0B33-E9034EF34E85}.Release|Any CPU.ActiveCfg = Release|Any CPU
		{57B7DA2D-A997-EC40-0B33-E9034EF34E85}.Release|Any CPU.Build.0 = Release|Any CPU
	EndGlobalSection
	GlobalSection(SolutionProperties) = preSolution
		HideSolutionNode = FALSE
	EndGlobalSection
EndGlobal
